{
  "version": 1,
  "dependencies": {
    ".NETnanoFramework,Version=v1.0": {
      "nanoFramework.Benchmark": {
        "type": "Direct",
        "requested": "[1.0.113, 1.0.113]",
        "resolved": "1.0.113",
        "contentHash": "RzyI2ZhBrnHHfTclGRv0zl92ueEEVqCgsfAEZ1WHElJdAfHCfJIHOQiHQha5IBJ0ttsLIEiy51fyBeDZpgLJCw=="
      },
      "nanoFramework.CoreLibrary": {
        "type": "Direct",
        "requested": "[2.0.0-preview.33, 2.0.0-preview.33]",
        "resolved": "2.0.0-preview.33",
        "contentHash": "VVr+TmThdBt9zzXFzFewB5GUsNm2BE8+/3OtaCiJVg76v0Wr87A0Mi6R74hm78otfIhPJ66aPaRd+fA23dmJjQ=="
      },
      "nanoFramework.Logging": {
        "type": "Direct",
        "requested": "[1.1.161, 1.1.161]",
        "resolved": "1.1.161",
        "contentHash": "ASEnCqp/WL+0EPyTYAUUdBSX6g1GkqewPOrTCLq9iZicf9+DFDzd+fpzrfinWd3YqSQ+eb16QzReARm1V0EfNw=="
      },
      "nanoFramework.Runtime.Native": {
        "type": "Direct",
        "requested": "[2.0.0-preview.19, 2.0.0-preview.19]",
        "resolved": "2.0.0-preview.19",
        "contentHash": "bLcWZHMCMVpNG/2s9FOjaofznAqJzko/No8mJpcAjoFuj6r0Ovr78My+e+nitm7HTGWYUMRK64h90bZ/3oAP0Q=="
      },
      "nanoFramework.System.Collections": {
        "type": "Direct",
        "requested": "[2.0.0-preview.6, 2.0.0-preview.6]",
        "resolved": "2.0.0-preview.6",
        "contentHash": "3A1BTu/8db8vlmu/TflJ/TtToyyL0M3fiAHxFNYX02lmOr9XQ3YkYESa9m7yRb9nIBoUZbOhtgf5ufbvdPt5ug=="
      },
      "nanoFramework.System.Diagnostics.Stopwatch": {
        "type": "Direct",
        "requested": "[2.0.0-preview.3, 2.0.0-preview.3]",
        "resolved": "2.0.0-preview.3",
        "contentHash": "2esmFjGqyiuplp/RHaUAzBH8OSYLopTlpbiTyqNMG99ElYEyuwrP7dHqHnc+YOI5hWPZRxrTB1stfJ7VGlv/8A=="
      },
      "nanoFramework.System.Text": {
        "type": "Direct",
        "requested": "[2.0.0-preview.6, 2.0.0-preview.6]",
        "resolved": "2.0.0-preview.6",
        "contentHash": "/A9M9sGW8rsAg6YF81quWV9MvQseKWZodf+pK6lp3Bw12NkXwgwiAo1+9geJQFwDsqi2L9BcLb3IIs/BerGTbQ=="
      }
    }
  }
}